<?xml version="1.0" encoding="utf-8"?>
<Project ToolsVersion="4.0" xmlns="http://schemas.microsoft.com/developer/msbuild/2003">
  <ItemGroup>
    <Filter Include="Berry">
      <UniqueIdentifier>{C9A7E20C-35BC-0ABE-FE3D-AE1D6A1107EF}</UniqueIdentifier>
    </Filter>
  </ItemGroup>
  <ItemGroup>
    <ClInclude Include="src\Berry.h" />
    <ClInclude Include="src\Berry\Application.h">
      <Filter>Berry</Filter>
    </ClInclude>
    <ClInclude Include="src\Berry\Core.h">
      <Filter>Berry</Filter>
    </ClInclude>
    <ClInclude Include="src\Berry\EntryPoint.h">
      <Filter>Berry</Filter>
    </ClInclude>
    <ClInclude Include="src\Berry\Log.h">
      <Filter>Berry</Filter>
    </ClInclude>
  </ItemGroup>
  <ItemGroup>
    <ClCompile Include="src\Berry\Application.cpp">
      <Filter>Berry</Filter>
    </ClCompile>
    <ClCompile Include="src\Berry\Log.cpp">
      <Filter>Berry</Filter>
    </ClCompile>
  </ItemGroup>
</Project>